
Microsoft Visual Studio Solution File, Format Version 12.00
# Visual Studio Version 17
VisualStudioVersion = 17.7.34031.279
MinimumVisualStudioVersion = 10.0.40219.1
Project("{FAE04EC0-301F-11D3-BF4B-00C04F79EFBC}") = "GradeCalculator", "GradeCalculator\GradeCalculator.csproj", "{58A2F055-5BA6-4C1E-B1CF-8DCA6E212317}"
EndProject
Project("{FAE04EC0-301F-11D3-BF4B-00C04F79EFBC}") = "TicketCalculator", "TicketCalculator\TicketCalculator.csproj", "{E0C790CC-D859-4ACB-B519-348050FBCA7F}"
EndProject
Project("{FAE04EC0-301F-11D3-BF4B-00C04F79EFBC}") = "TriangleTypeIdentifierApp", "TriangleTypeIdentifierApp\TriangleTypeIdentifierApp.csproj", "{74F57798-02A7-4747-8113-FCDBCB48E3EB}"
EndProject
Global
	GlobalSection(SolutionConfigurationPlatforms) = preSolution
		Debug|Any CPU = Debug|Any CPU
		Release|Any CPU = Release|Any CPU
	EndGlobalSection
	GlobalSection(ProjectConfigurationPlatforms) = postSolution
		{58A2F055-5BA6-4C1E-B1CF-8DCA6E212317}.Debug|Any CPU.ActiveCfg = Debug|Any CPU
		{58A2F055-5BA6-4C1E-B1CF-8DCA6E212317}.Debug|Any CPU.Build.0 = Debug|Any CPU
		{58A2F055-5BA6-4C1E-B1CF-8DCA6E212317}.Release|Any CPU.ActiveCfg = Release|Any CPU
		{58A2F055-5BA6-4C1E-B1CF-8DCA6E212317}.Release|Any CPU.Build.0 = Release|Any CPU
		{E0C790CC-D859-4ACB-B519-348050FBCA7F}.Debug|Any CPU.ActiveCfg = Debug|Any CPU
		{E0C790CC-D859-4ACB-B519-348050FBCA7F}.Debug|Any CPU.Build.0 = Debug|Any CPU
		{E0C790CC-D859-4ACB-B519-348050FBCA7F}.Release|Any CPU.ActiveCfg = Release|Any CPU
		{E0C790CC-D859-4ACB-B519-348050FBCA7F}.Release|Any CPU.Build.0 = Release|Any CPU
		{74F57798-02A7-4747-8113-FCDBCB48E3EB}.Debug|Any CPU.ActiveCfg = Debug|Any CPU
		{74F57798-02A7-4747-8113-FCDBCB48E3EB}.Debug|Any CPU.Build.0 = Debug|Any CPU
		{74F57798-02A7-4747-8113-FCDBCB48E3EB}.Release|Any CPU.ActiveCfg = Release|Any CPU
		{74F57798-02A7-4747-8113-FCDBCB48E3EB}.Release|Any CPU.Build.0 = Release|Any CPU
	EndGlobalSection
	GlobalSection(SolutionProperties) = preSolution
		HideSolutionNode = FALSE
	EndGlobalSection
	GlobalSection(ExtensibilityGlobals) = postSolution
		SolutionGuid = {CB0E644E-CF30-4759-9A7B-C27AA491880A}
	EndGlobalSection
EndGlobal
